
Microsoft Visual Studio Solution File, Format Version 12.00
# Visual Studio Version 17
VisualStudioVersion = 17.11.35327.3
MinimumVisualStudioVersion = 10.0.40219.1
Project("{FAE04EC0-301F-11D3-BF4B-00C04F79EFBC}") = "ecityloginpage", "ecityloginpage\ecityloginpage.csproj", "{C98065EF-BEB3-488E-AA98-F0A6616DE46E}"
EndProject
Global
	GlobalSection(SolutionConfigurationPlatforms) = preSolution
		Debug|Any CPU = Debug|Any CPU
		Release|Any CPU = Release|Any CPU
	EndGlobalSection
	GlobalSection(ProjectConfigurationPlatforms) = postSolution
		{C98065EF-BEB3-488E-AA98-F0A6616DE46E}.Debug|Any CPU.ActiveCfg = Debug|Any CPU
		{C98065EF-BEB3-488E-AA98-F0A6616DE46E}.Debug|Any CPU.Build.0 = Debug|Any CPU
		{C98065EF-BEB3-488E-AA98-F0A6616DE46E}.Debug|Any CPU.Deploy.0 = Debug|Any CPU
		{C98065EF-BEB3-488E-AA98-F0A6616DE46E}.Release|Any CPU.ActiveCfg = Release|Any CPU
		{C98065EF-BEB3-488E-AA98-F0A6616DE46E}.Release|Any CPU.Build.0 = Release|Any CPU
		{C98065EF-BEB3-488E-AA98-F0A6616DE46E}.Release|Any CPU.Deploy.0 = Release|Any CPU
	EndGlobalSection
	GlobalSection(SolutionProperties) = preSolution
		HideSolutionNode = FALSE
	EndGlobalSection
	GlobalSection(ExtensibilityGlobals) = postSolution
		SolutionGuid = {E021F941-4AFD-415D-BA35-5ECCA05527C7}
	EndGlobalSection
EndGlobal
